
Microsoft Visual Studio Solution File, Format Version 12.00
# Visual Studio Version 17
VisualStudioVersion = 17.5.002.0
MinimumVisualStudioVersion = 10.0.40219.1
Project("{2150E333-8FDC-42A3-9474-1A3956D46DE8}") = "csharp-prep", "csharp-prep", "{784EA325-782C-4E1D-8B55-A76287584907}"
EndProject
Project("{9A19103F-16F7-4668-BE54-9A1E7A4F7556}") = "Prep1", "csharp-prep\Prep1\Prep1.csproj", "{31EE71AD-BD1E-452C-97F3-D1CDBF08CA8B}"
EndProject
Project("{9A19103F-16F7-4668-BE54-9A1E7A4F7556}") = "Prep2", "csharp-prep\Prep2\Prep2.csproj", "{83855991-2175-451C-BC74-3308893820AF}"
EndProject
Project("{9A19103F-16F7-4668-BE54-9A1E7A4F7556}") = "Prep3", "csharp-prep\Prep3\Prep3.csproj", "{021BFAEA-B366-4F2B-ACBD-02E90A78B798}"
EndProject
Project("{9A19103F-16F7-4668-BE54-9A1E7A4F7556}") = "Prep4", "csharp-prep\Prep4\Prep4.csproj", "{9A9D641E-004A-414A-BC80-7DA36254AE7C}"
EndProject
Project("{9A19103F-16F7-4668-BE54-9A1E7A4F7556}") = "Prep5", "csharp-prep\Prep5\Prep5.csproj", "{6A1BC02F-B154-4501-87E6-1A1F93A89F2A}"
EndProject
Project("{2150E333-8FDC-42A3-9474-1A3956D46DE8}") = "final", "final", "{373BF2EC-6785-4FA8-BA8C-C4F0FF39F1DC}"
EndProject
Project("{9A19103F-16F7-4668-BE54-9A1E7A4F7556}") = "FinalProject", "final\FinalProject\FinalProject.csproj", "{D6CC73BD-08E2-434A-81EC-A552AC91EAB3}"
EndProject
Project("{9A19103F-16F7-4668-BE54-9A1E7A4F7556}") = "Foundation1", "final\Foundation1\Foundation1.csproj", "{B294B31F-9F95-47AC-B925-C93F69A05FED}"
EndProject
Project("{9A19103F-16F7-4668-BE54-9A1E7A4F7556}") = "Foundation2", "final\Foundation2\Foundation2.csproj", "{02D5EEA0-A83E-4802-9FD1-C78CB1737E02}"
EndProject
Project("{9A19103F-16F7-4668-BE54-9A1E7A4F7556}") = "Foundation3", "final\Foundation3\Foundation3.csproj", "{E0B5BB1D-7D02-478A-94D1-DFE4AD976986}"
EndProject
Project("{9A19103F-16F7-4668-BE54-9A1E7A4F7556}") = "Foundation4", "final\Foundation4\Foundation4.csproj", "{A54F7655-E801-4B5A-993B-20511DCCF554}"
EndProject
Project("{2150E333-8FDC-42A3-9474-1A3956D46DE8}") = "prepare", "prepare", "{FC2AD4EA-EAA3-48EB-98F4-6F113D3AFE28}"
EndProject
Project("{9A19103F-16F7-4668-BE54-9A1E7A4F7556}") = "Learning02", "prepare\Learning02\Learning02.csproj", "{6DC92969-0F93-4C8C-8488-D96BE9D85E93}"
EndProject
Project("{9A19103F-16F7-4668-BE54-9A1E7A4F7556}") = "Learning03", "prepare\Learning03\Learning03.csproj", "{5D915540-ED48-47E8-9A14-39DA05103697}"
EndProject
Project("{9A19103F-16F7-4668-BE54-9A1E7A4F7556}") = "Learning04", "prepare\Learning04\Learning04.csproj", "{78087C78-4643-4FD0-B6DE-7AECEC13CBF4}"
EndProject
Project("{9A19103F-16F7-4668-BE54-9A1E7A4F7556}") = "Learning05", "prepare\Learning05\Learning05.csproj", "{5CCEB186-3E4B-4E1F-A42E-5ECE06BAB6EB}"
EndProject
Project("{2150E333-8FDC-42A3-9474-1A3956D46DE8}") = "prove", "prove", "{2DC680A6-F79D-423E-9352-B62034DCC5F0}"
EndProject
Project("{9A19103F-16F7-4668-BE54-9A1E7A4F7556}") = "Develop02", "prove\Develop02\Develop02.csproj", "{2223D9B1-484D-4BDF-BE9E-B31EF67180F6}"
EndProject
Project("{9A19103F-16F7-4668-BE54-9A1E7A4F7556}") = "Develop03", "prove\Develop03\Develop03.csproj", "{F151942B-7370-4C2F-B694-499E23858D50}"
EndProject
Project("{9A19103F-16F7-4668-BE54-9A1E7A4F7556}") = "Develop04", "prove\Develop04\Develop04.csproj", "{9D607E21-236D-4835-AC52-42E838E6050D}"
EndProject
Project("{9A19103F-16F7-4668-BE54-9A1E7A4F7556}") = "Develop05", "prove\Develop05\Develop05.csproj", "{AD919F53-2458-4B30-9E65-9DAFEA5C83FA}"
EndProject
Project("{2150E333-8FDC-42A3-9474-1A3956D46DE8}") = "sandbox", "sandbox", "{B13E6035-DE79-4E4B-845D-EB72502E3691}"
EndProject
Project("{9A19103F-16F7-4668-BE54-9A1E7A4F7556}") = "Sandbox", "sandbox\Sandbox\Sandbox.csproj", "{BFA95CF2-5EED-4CD1-87AB-DBE1CD1D5216}"
EndProject
Global
	GlobalSection(SolutionConfigurationPlatforms) = preSolution
		Debug|Any CPU = Debug|Any CPU
		Release|Any CPU = Release|Any CPU
	EndGlobalSection
	GlobalSection(ProjectConfigurationPlatforms) = postSolution
		{31EE71AD-BD1E-452C-97F3-D1CDBF08CA8B}.Debug|Any CPU.ActiveCfg = Debug|Any CPU
		{31EE71AD-BD1E-452C-97F3-D1CDBF08CA8B}.Debug|Any CPU.Build.0 = Debug|Any CPU
		{31EE71AD-BD1E-452C-97F3-D1CDBF08CA8B}.Release|Any CPU.ActiveCfg = Release|Any CPU
		{31EE71AD-BD1E-452C-97F3-D1CDBF08CA8B}.Release|Any CPU.Build.0 = Release|Any CPU
		{83855991-2175-451C-BC74-3308893820AF}.Debug|Any CPU.ActiveCfg = Debug|Any CPU
		{83855991-2175-451C-BC74-3308893820AF}.Debug|Any CPU.Build.0 = Debug|Any CPU
		{83855991-2175-451C-BC74-3308893820AF}.Release|Any CPU.ActiveCfg = Release|Any CPU
		{83855991-2175-451C-BC74-3308893820AF}.Release|Any CPU.Build.0 = Release|Any CPU
		{021BFAEA-B366-4F2B-ACBD-02E90A78B798}.Debug|Any CPU.ActiveCfg = Debug|Any CPU
		{021BFAEA-B366-4F2B-ACBD-02E90A78B798}.Debug|Any CPU.Build.0 = Debug|Any CPU
		{021BFAEA-B366-4F2B-ACBD-02E90A78B798}.Release|Any CPU.ActiveCfg = Release|Any CPU
		{021BFAEA-B366-4F2B-ACBD-02E90A78B798}.Release|Any CPU.Build.0 = Release|Any CPU
		{9A9D641E-004A-414A-BC80-7DA36254AE7C}.Debug|Any CPU.ActiveCfg = Debug|Any CPU
		{9A9D641E-004A-414A-BC80-7DA36254AE7C}.Debug|Any CPU.Build.0 = Debug|Any CPU
		{9A9D641E-004A-414A-BC80-7DA36254AE7C}.Release|Any CPU.ActiveCfg = Release|Any CPU
		{9A9D641E-004A-414A-BC80-7DA36254AE7C}.Release|Any CPU.Build.0 = Release|Any CPU
		{6A1BC02F-B154-4501-87E6-1A1F93A89F2A}.Debug|Any CPU.ActiveCfg = Debug|Any CPU
		{6A1BC02F-B154-4501-87E6-1A1F93A89F2A}.Debug|Any CPU.Build.0 = Debug|Any CPU
		{6A1BC02F-B154-4501-87E6-1A1F93A89F2A}.Release|Any CPU.ActiveCfg = Release|Any CPU
		{6A1BC02F-B154-4501-87E6-1A1F93A89F2A}.Release|Any CPU.Build.0 = Release|Any CPU
		{D6CC73BD-08E2-434A-81EC-A552AC91EAB3}.Debug|Any CPU.ActiveCfg = Debug|Any CPU
		{D6CC73BD-08E2-434A-81EC-A552AC91EAB3}.Debug|Any CPU.Build.0 = Debug|Any CPU
		{D6CC73BD-08E2-434A-81EC-A552AC91EAB3}.Release|Any CPU.ActiveCfg = Release|Any CPU
		{D6CC73BD-08E2-434A-81EC-A552AC91EAB3}.Release|Any CPU.Build.0 = Release|Any CPU
		{B294B31F-9F95-47AC-B925-C93F69A05FED}.Debug|Any CPU.ActiveCfg = Debug|Any CPU
		{B294B31F-9F95-47AC-B925-C93F69A05FED}.Debug|Any CPU.Build.0 = Debug|Any CPU
		{B294B31F-9F95-47AC-B925-C93F69A05FED}.Release|Any CPU.ActiveCfg = Release|Any CPU
		{B294B31F-9F95-47AC-B925-C93F69A05FED}.Release|Any CPU.Build.0 = Release|Any CPU
		{02D5EEA0-A83E-4802-9FD1-C78CB1737E02}.Debug|Any CPU.ActiveCfg = Debug|Any CPU
		{02D5EEA0-A83E-4802-9FD1-C78CB1737E02}.Debug|Any CPU.Build.0 = Debug|Any CPU
		{02D5EEA0-A83E-4802-9FD1-C78CB1737E02}.Release|Any CPU.ActiveCfg = Release|Any CPU
		{02D5EEA0-A83E-4802-9FD1-C78CB1737E02}.Release|Any CPU.Build.0 = Release|Any CPU
		{E0B5BB1D-7D02-478A-94D1-DFE4AD976986}.Debug|Any CPU.ActiveCfg = Debug|Any CPU
		{E0B5BB1D-7D02-478A-94D1-DFE4AD976986}.Debug|Any CPU.Build.0 = Debug|Any CPU
		{E0B5BB1D-7D02-478A-94D1-DFE4AD976986}.Release|Any CPU.ActiveCfg = Release|Any CPU
		{E0B5BB1D-7D02-478A-94D1-DFE4AD976986}.Release|Any CPU.Build.0 = Release|Any CPU
		{A54F7655-E801-4B5A-993B-20511DCCF554}.Debug|Any CPU.ActiveCfg = Debug|Any CPU
		{A54F7655-E801-4B5A-993B-20511DCCF554}.Debug|Any CPU.Build.0 = Debug|Any CPU
		{A54F7655-E801-4B5A-993B-20511DCCF554}.Release|Any CPU.ActiveCfg = Release|Any CPU
		{A54F7655-E801-4B5A-993B-20511DCCF554}.Release|Any CPU.Build.0 = Release|Any CPU
		{6DC92969-0F93-4C8C-8488-D96BE9D85E93}.Debug|Any CPU.ActiveCfg = Debug|Any CPU
		{6DC92969-0F93-4C8C-8488-D96BE9D85E93}.Debug|Any CPU.Build.0 = Debug|Any CPU
		{6DC92969-0F93-4C8C-8488-D96BE9D85E93}.Release|Any CPU.ActiveCfg = Release|Any CPU
		{6DC92969-0F93-4C8C-8488-D96BE9D85E93}.Release|Any CPU.Build.0 = Release|Any CPU
		{5D915540-ED48-47E8-9A14-39DA05103697}.Debug|Any CPU.ActiveCfg = Debug|Any CPU
		{5D915540-ED48-47E8-9A14-39DA05103697}.Debug|Any CPU.Build.0 = Debug|Any CPU
		{5D915540-ED48-47E8-9A14-39DA05103697}.Release|Any CPU.ActiveCfg = Release|Any CPU
		{5D915540-ED48-47E8-9A14-39DA05103697}.Release|Any CPU.Build.0 = Release|Any CPU
		{78087C78-4643-4FD0-B6DE-7AECEC13CBF4}.Debug|Any CPU.ActiveCfg = Debug|Any CPU
		{78087C78-4643-4FD0-B6DE-7AECEC13CBF4}.Debug|Any CPU.Build.0 = Debug|Any CPU
		{78087C78-4643-4FD0-B6DE-7AECEC13CBF4}.Release|Any CPU.ActiveCfg = Release|Any CPU
		{78087C78-4643-4FD0-B6DE-7AECEC13CBF4}.Release|Any CPU.Build.0 = Release|Any CPU
		{5CCEB186-3E4B-4E1F-A42E-5ECE06BAB6EB}.Debug|Any CPU.ActiveCfg = Debug|Any CPU
		{5CCEB186-3E4B-4E1F-A42E-5ECE06BAB6EB}.Debug|Any CPU.Build.0 = Debug|Any CPU
		{5CCEB186-3E4B-4E1F-A42E-5ECE06BAB6EB}.Release|Any CPU.ActiveCfg = Release|Any CPU
		{5CCEB186-3E4B-4E1F-A42E-5ECE06BAB6EB}.Release|Any CPU.Build.0 = Release|Any CPU
		{2223D9B1-484D-4BDF-BE9E-B31EF67180F6}.Debug|Any CPU.ActiveCfg = Debug|Any CPU
		{2223D9B1-484D-4BDF-BE9E-B31EF67180F6}.Debug|Any CPU.Build.0 = Debug|Any CPU
		{2223D9B1-484D-4BDF-BE9E-B31EF67180F6}.Release|Any CPU.ActiveCfg = Release|Any CPU
		{2223D9B1-484D-4BDF-BE9E-B31EF67180F6}.Release|Any CPU.Build.0 = Release|Any CPU
		{F151942B-7370-4C2F-B694-499E23858D50}.Debug|Any CPU.ActiveCfg = Debug|Any CPU
		{F151942B-7370-4C2F-B694-499E23858D50}.Debug|Any CPU.Build.0 = Debug|Any CPU
		{F151942B-7370-4C2F-B694-499E23858D50}.Release|Any CPU.ActiveCfg = Release|Any CPU
		{F151942B-7370-4C2F-B694-499E23858D50}.Release|Any CPU.Build.0 = Release|Any CPU
		{9D607E21-236D-4835-AC52-42E838E6050D}.Debug|Any CPU.ActiveCfg = Debug|Any CPU
		{9D607E21-236D-4835-AC52-42E838E6050D}.Debug|Any CPU.Build.0 = Debug|Any CPU
		{9D607E21-236D-4835-AC52-42E838E6050D}.Release|Any CPU.ActiveCfg = Release|Any CPU
		{9D607E21-236D-4835-AC52-42E838E6050D}.Release|Any CPU.Build.0 = Release|Any CPU
		{AD919F53-2458-4B30-9E65-9DAFEA5C83FA}.Debug|Any CPU.ActiveCfg = Debug|Any CPU
		{AD919F53-2458-4B30-9E65-9DAFEA5C83FA}.Debug|Any CPU.Build.0 = Debug|Any CPU
		{AD919F53-2458-4B30-9E65-9DAFEA5C83FA}.Release|Any CPU.ActiveCfg = Release|Any CPU
		{AD919F53-2458-4B30-9E65-9DAFEA5C83FA}.Release|Any CPU.Build.0 = Release|Any CPU
		{BFA95CF2-5EED-4CD1-87AB-DBE1CD1D5216}.Debug|Any CPU.ActiveCfg = Debug|Any CPU
		{BFA95CF2-5EED-4CD1-87AB-DBE1CD1D5216}.Debug|Any CPU.Build.0 = Debug|Any CPU
		{BFA95CF2-5EED-4CD1-87AB-DBE1CD1D5216}.Release|Any CPU.ActiveCfg = Release|Any CPU
		{BFA95CF2-5EED-4CD1-87AB-DBE1CD1D5216}.Release|Any CPU.Build.0 = Release|Any CPU
	EndGlobalSection
	GlobalSection(SolutionProperties) = preSolution
		HideSolutionNode = FALSE
	EndGlobalSection
	GlobalSection(NestedProjects) = preSolution
		{31EE71AD-BD1E-452C-97F3-D1CDBF08CA8B} = {784EA325-782C-4E1D-8B55-A76287584907}
		{83855991-2175-451C-BC74-3308893820AF} = {784EA325-782C-4E1D-8B55-A76287584907}
		{021BFAEA-B366-4F2B-ACBD-02E90A78B798} = {784EA325-782C-4E1D-8B55-A76287584907}
		{9A9D641E-004A-414A-BC80-7DA36254AE7C} = {784EA325-782C-4E1D-8B55-A76287584907}
		{6A1BC02F-B154-4501-87E6-1A1F93A89F2A} = {784EA325-782C-4E1D-8B55-A76287584907}
		{D6CC73BD-08E2-434A-81EC-A552AC91EAB3} = {373BF2EC-6785-4FA8-BA8C-C4F0FF39F1DC}
		{B294B31F-9F95-47AC-B925-C93F69A05FED} = {373BF2EC-6785-4FA8-BA8C-C4F0FF39F1DC}
		{02D5EEA0-A83E-4802-9FD1-C78CB1737E02} = {373BF2EC-6785-4FA8-BA8C-C4F0FF39F1DC}
		{E0B5BB1D-7D02-478A-94D1-DFE4AD976986} = {373BF2EC-6785-4FA8-BA8C-C4F0FF39F1DC}
		{A54F7655-E801-4B5A-993B-20511DCCF554} = {373BF2EC-6785-4FA8-BA8C-C4F0FF39F1DC}
		{6DC92969-0F93-4C8C-8488-D96BE9D85E93} = {FC2AD4EA-EAA3-48EB-98F4-6F113D3AFE28}
		{5D915540-ED48-47E8-9A14-39DA05103697} = {FC2AD4EA-EAA3-48EB-98F4-6F113D3AFE28}
		{78087C78-4643-4FD0-B6DE-7AECEC13CBF4} = {FC2AD4EA-EAA3-48EB-98F4-6F113D3AFE28}
		{5CCEB186-3E4B-4E1F-A42E-5ECE06BAB6EB} = {FC2AD4EA-EAA3-48EB-98F4-6F113D3AFE28}
		{2223D9B1-484D-4BDF-BE9E-B31EF67180F6} = {2DC680A6-F79D-423E-9352-B62034DCC5F0}
		{F151942B-7370-4C2F-B694-499E23858D50} = {2DC680A6-F79D-423E-9352-B62034DCC5F0}
		{9D607E21-236D-4835-AC52-42E838E6050D} = {2DC680A6-F79D-423E-9352-B62034DCC5F0}
		{AD919F53-2458-4B30-9E65-9DAFEA5C83FA} = {2DC680A6-F79D-423E-9352-B62034DCC5F0}
		{BFA95CF2-5EED-4CD1-87AB-DBE1CD1D5216} = {B13E6035-DE79-4E4B-845D-EB72502E3691}
	EndGlobalSection
	GlobalSection(ExtensibilityGlobals) = postSolution
		SolutionGuid = {FB930F4A-690E-4EC6-8FD1-5AF8F1BBA1A7}
	EndGlobalSection
EndGlobal
